// !$*UTF8*$!
{
	archiveVersion = 1;
	classes = {
	};
	objectVersion = 50;
	objects = {

/* Begin PBXBuildFile section */
		58F7DCB221DDEADA00189630 /* AppDelegate.m in Sources */ = {isa = PBXBuildFile; fileRef = 58F7DCB121DDEADA00189630 /* AppDelegate.m */; };
		58F7DCBA21DDEAF400189630 /* Assets.xcassets in Resources */ = {isa = PBXBuildFile; fileRef = 58F7DCB921DDEAF400189630 /* Assets.xcassets */; };
		58F7DCBD21DDEAF400189630 /* LaunchScreen.storyboard in Resources */ = {isa = PBXBuildFile; fileRef = 58F7DCBB21DDEAF400189630 /* LaunchScreen.storyboard */; };
		58F7DCC021DDEAF400189630 /* main.m in Sources */ = {isa = PBXBuildFile; fileRef = 58F7DCBF21DDEAF400189630 /* main.m */; };
		58F7DCCC21DDFF8300189630 /* SZNMainTabBarContoller.m in Sources */ = {isa = PBXBuildFile; fileRef = 58F7DCCB21DDFF8300189630 /* SZNMainTabBarContoller.m */; };
		58F7DCCF21DE041600189630 /* SZNGuideNavigationController.m in Sources */ = {isa = PBXBuildFile; fileRef = 58F7DCCE21DE041600189630 /* SZNGuideNavigationController.m */; };
		58F7DCD221DE044800189630 /* SZNGuideViewController.m in Sources */ = {isa = PBXBuildFile; fileRef = 58F7DCD121DE044800189630 /* SZNGuideViewController.m */; };
		58F7DCDB21DE0ABD00189630 /* SZNBaseTabItemViewController.m in Sources */ = {isa = PBXBuildFile; fileRef = 58F7DCDA21DE0ABD00189630 /* SZNBaseTabItemViewController.m */; };
		58F7DCDE21DE0AEA00189630 /* SZNAngelViewController.m in Sources */ = {isa = PBXBuildFile; fileRef = 58F7DCDD21DE0AEA00189630 /* SZNAngelViewController.m */; };
		58F7DCE121DE0B1800189630 /* SZNFishViewController.m in Sources */ = {isa = PBXBuildFile; fileRef = 58F7DCE021DE0B1800189630 /* SZNFishViewController.m */; };
		58F7DCE421DE0B3C00189630 /* SZNDevilViewController.m in Sources */ = {isa = PBXBuildFile; fileRef = 58F7DCE321DE0B3C00189630 /* SZNDevilViewController.m */; };
		58F7DCE721DE0C4500189630 /* SZNBaseNavViewController.m in Sources */ = {isa = PBXBuildFile; fileRef = 58F7DCE621DE0C4500189630 /* SZNBaseNavViewController.m */; };
		B99D05D1D8628891D7B8DDF3 /* libPods-AngelFishDevil.a in Frameworks */ = {isa = PBXBuildFile; fileRef = 31D3D6865F23AD1805418C16 /* libPods-AngelFishDevil.a */; };
/* End PBXBuildFile section */

/* Begin PBXFileReference section */
		31D3D6865F23AD1805418C16 /* libPods-AngelFishDevil.a */ = {isa = PBXFileReference; explicitFileType = archive.ar; includeInIndex = 0; path = "libPods-AngelFishDevil.a"; sourceTree = BUILT_PRODUCTS_DIR; };
		3B99CEDA0F18C66115569871 /* Pods-AngelFishDevil.release.xcconfig */ = {isa = PBXFileReference; includeInIndex = 1; lastKnownFileType = text.xcconfig; name = "Pods-AngelFishDevil.release.xcconfig"; path = "Pods/Target Support Files/Pods-AngelFishDevil/Pods-AngelFishDevil.release.xcconfig"; sourceTree = "<group>"; };
		58F7DCAD21DDEADA00189630 /* AngelFishDevil.app */ = {isa = PBXFileReference; explicitFileType = wrapper.application; includeInIndex = 0; path = AngelFishDevil.app; sourceTree = BUILT_PRODUCTS_DIR; };
		58F7DCB021DDEADA00189630 /* AppDelegate.h */ = {isa = PBXFileReference; lastKnownFileType = sourcecode.c.h; path = AppDelegate.h; sourceTree = "<group>"; };
		58F7DCB121DDEADA00189630 /* AppDelegate.m */ = {isa = PBXFileReference; lastKnownFileType = sourcecode.c.objc; path = AppDelegate.m; sourceTree = "<group>"; };
		58F7DCB921DDEAF400189630 /* Assets.xcassets */ = {isa = PBXFileReference; lastKnownFileType = folder.assetcatalog; path = Assets.xcassets; sourceTree = "<group>"; };
		58F7DCBC21DDEAF400189630 /* Base */ = {isa = PBXFileReference; lastKnownFileType = file.storyboard; name = Base; path = Base.lproj/LaunchScreen.storyboard; sourceTree = "<group>"; };
		58F7DCBE21DDEAF400189630 /* Info.plist */ = {isa = PBXFileReference; lastKnownFileType = text.plist.xml; path = Info.plist; sourceTree = "<group>"; };
		58F7DCBF21DDEAF400189630 /* main.m */ = {isa = PBXFileReference; lastKnownFileType = sourcecode.c.objc; path = main.m; sourceTree = "<group>"; };
		58F7DCCA21DDFF8300189630 /* SZNMainTabBarContoller.h */ = {isa = PBXFileReference; lastKnownFileType = sourcecode.c.h; path = SZNMainTabBarContoller.h; sourceTree = "<group>"; };
		58F7DCCB21DDFF8300189630 /* SZNMainTabBarContoller.m */ = {isa = PBXFileReference; lastKnownFileType = sourcecode.c.objc; path = SZNMainTabBarContoller.m; sourceTree = "<group>"; };
		58F7DCCD21DE041600189630 /* SZNGuideNavigationController.h */ = {isa = PBXFileReference; lastKnownFileType = sourcecode.c.h; path = SZNGuideNavigationController.h; sourceTree = "<group>"; };
		58F7DCCE21DE041600189630 /* SZNGuideNavigationController.m */ = {isa = PBXFileReference; lastKnownFileType = sourcecode.c.objc; path = SZNGuideNavigationController.m; sourceTree = "<group>"; };
		58F7DCD021DE044800189630 /* SZNGuideViewController.h */ = {isa = PBXFileReference; lastKnownFileType = sourcecode.c.h; path = SZNGuideViewController.h; sourceTree = "<group>"; };
		58F7DCD121DE044800189630 /* SZNGuideViewController.m */ = {isa = PBXFileReference; lastKnownFileType = sourcecode.c.objc; path = SZNGuideViewController.m; sourceTree = "<group>"; };
		58F7DCD321DE053700189630 /* PrefixHeader.pch */ = {isa = PBXFileReference; lastKnownFileType = sourcecode.c.h; path = PrefixHeader.pch; sourceTree = "<group>"; };
		58F7DCD921DE0ABD00189630 /* SZNBaseTabItemViewController.h */ = {isa = PBXFileReference; lastKnownFileType = sourcecode.c.h; path = SZNBaseTabItemViewController.h; sourceTree = "<group>"; };
		58F7DCDA21DE0ABD00189630 /* SZNBaseTabItemViewController.m */ = {isa = PBXFileReference; lastKnownFileType = sourcecode.c.objc; path = SZNBaseTabItemViewController.m; sourceTree = "<group>"; };
		58F7DCDC21DE0AEA00189630 /* SZNAngelViewController.h */ = {isa = PBXFileReference; lastKnownFileType = sourcecode.c.h; path = SZNAngelViewController.h; sourceTree = "<group>"; };
		58F7DCDD21DE0AEA00189630 /* SZNAngelViewController.m */ = {isa = PBXFileReference; lastKnownFileType = sourcecode.c.objc; path = SZNAngelViewController.m; sourceTree = "<group>"; };
		58F7DCDF21DE0B1800189630 /* SZNFishViewController.h */ = {isa = PBXFileReference; lastKnownFileType = sourcecode.c.h; path = SZNFishViewController.h; sourceTree = "<group>"; };
		58F7DCE021DE0B1800189630 /* SZNFishViewController.m */ = {isa = PBXFileReference; lastKnownFileType = sourcecode.c.objc; path = SZNFishViewController.m; sourceTree = "<group>"; };
		58F7DCE221DE0B3C00189630 /* SZNDevilViewController.h */ = {isa = PBXFileReference; lastKnownFileType = sourcecode.c.h; path = SZNDevilViewController.h; sourceTree = "<group>"; };
		58F7DCE321DE0B3C00189630 /* SZNDevilViewController.m */ = {isa = PBXFileReference; lastKnownFileType = sourcecode.c.objc; path = SZNDevilViewController.m; sourceTree = "<group>"; };
		58F7DCE521DE0C4500189630 /* SZNBaseNavViewController.h */ = {isa = PBXFileReference; lastKnownFileType = sourcecode.c.h; path = SZNBaseNavViewController.h; sourceTree = "<group>"; };
		58F7DCE621DE0C4500189630 /* SZNBaseNavViewController.m */ = {isa = PBXFileReference; lastKnownFileType = sourcecode.c.objc; path = SZNBaseNavViewController.m; sourceTree = "<group>"; };
		C1F2FCA4E0D6DF357CE60320 /* Pods-AngelFishDevil.debug.xcconfig */ = {isa = PBXFileReference; includeInIndex = 1; lastKnownFileType = text.xcconfig; name = "Pods-AngelFishDevil.debug.xcconfig"; path = "Pods/Target Support Files/Pods-AngelFishDevil/Pods-AngelFishDevil.debug.xcconfig"; sourceTree = "<group>"; };
/* End PBXFileReference section */

/* Begin PBXFrameworksBuildPhase section */
		58F7DCAA21DDEADA00189630 /* Frameworks */ = {
			isa = PBXFrameworksBuildPhase;
			buildActionMask = 2147483647;
			files = (
				B99D05D1D8628891D7B8DDF3 /* libPods-AngelFishDevil.a in Frameworks */,
			);
			runOnlyForDeploymentPostprocessing = 0;
		};
/* End PBXFrameworksBuildPhase section */

/* Begin PBXGroup section */
		24B2C17A2B1AB0D0D9C41D1B /* Frameworks */ = {
			isa = PBXGroup;
			children = (
				31D3D6865F23AD1805418C16 /* libPods-AngelFishDevil.a */,
			);
			name = Frameworks;
			sourceTree = "<group>";
		};
		58F7DCA421DDEADA00189630 = {
			isa = PBXGroup;
			children = (
				58F7DCD521DE099900189630 /* TabBarVCs */,
				58F7DCC621DDFE1A00189630 /* MainVCs */,
				58F7DCAF21DDEADA00189630 /* AngelFishDevil */,
				58F7DCAE21DDEADA00189630 /* Products */,
				8E43D60DB644E46D3049E601 /* Pods */,
				24B2C17A2B1AB0D0D9C41D1B /* Frameworks */,
			);
			sourceTree = "<group>";
		};
		58F7DCAE21DDEADA00189630 /* Products */ = {
			isa = PBXGroup;
			children = (
				58F7DCAD21DDEADA00189630 /* AngelFishDevil.app */,
			);
			name = Products;
			sourceTree = "<group>";
		};
		58F7DCAF21DDEADA00189630 /* AngelFishDevil */ = {
			isa = PBXGroup;
			children = (
				58F7DCB021DDEADA00189630 /* AppDelegate.h */,
				58F7DCB121DDEADA00189630 /* AppDelegate.m */,
				58F7DCD321DE053700189630 /* PrefixHeader.pch */,
				58F7DCB921DDEAF400189630 /* Assets.xcassets */,
				58F7DCBB21DDEAF400189630 /* LaunchScreen.storyboard */,
				58F7DCBE21DDEAF400189630 /* Info.plist */,
				58F7DCBF21DDEAF400189630 /* main.m */,
			);
			path = AngelFishDevil;
			sourceTree = "<group>";
		};
		58F7DCC621DDFE1A00189630 /* MainVCs */ = {
			isa = PBXGroup;
			children = (
				58F7DCCA21DDFF8300189630 /* SZNMainTabBarContoller.h */,
				58F7DCCB21DDFF8300189630 /* SZNMainTabBarContoller.m */,
				58F7DCCD21DE041600189630 /* SZNGuideNavigationController.h */,
				58F7DCCE21DE041600189630 /* SZNGuideNavigationController.m */,
				58F7DCD021DE044800189630 /* SZNGuideViewController.h */,
				58F7DCD121DE044800189630 /* SZNGuideViewController.m */,
			);
			path = MainVCs;
			sourceTree = "<group>";
		};
		58F7DCD521DE099900189630 /* TabBarVCs */ = {
			isa = PBXGroup;
			children = (
				58F7DCD921DE0ABD00189630 /* SZNBaseTabItemViewController.h */,
				58F7DCDA21DE0ABD00189630 /* SZNBaseTabItemViewController.m */,
				58F7DCE521DE0C4500189630 /* SZNBaseNavViewController.h */,
				58F7DCE621DE0C4500189630 /* SZNBaseNavViewController.m */,
				58F7DCDC21DE0AEA00189630 /* SZNAngelViewController.h */,
				58F7DCDD21DE0AEA00189630 /* SZNAngelViewController.m */,
				58F7DCDF21DE0B1800189630 /* SZNFishViewController.h */,
				58F7DCE021DE0B1800189630 /* SZNFishViewController.m */,
				58F7DCE221DE0B3C00189630 /* SZNDevilViewController.h */,
				58F7DCE321DE0B3C00189630 /* SZNDevilViewController.m */,
			);
			path = TabBarVCs;
			sourceTree = "<group>";
		};
		8E43D60DB644E46D3049E601 /* Pods */ = {
			isa = PBXGroup;
			children = (
				C1F2FCA4E0D6DF357CE60320 /* Pods-AngelFishDevil.debug.xcconfig */,
				3B99CEDA0F18C66115569871 /* Pods-AngelFishDevil.release.xcconfig */,
			);
			name = Pods;
			sourceTree = "<group>";
		};
/* End PBXGroup section */

/* Begin PBXNativeTarget section */
		58F7DCAC21DDEADA00189630 /* AngelFishDevil */ = {
			isa = PBXNativeTarget;
			buildConfigurationList = 58F7DCC321DDEAF400189630 /* Build configuration list for PBXNativeTarget "AngelFishDevil" */;
			buildPhases = (
				6F31DE96787B4C7BBE736F88 /* [CP] Check Pods Manifest.lock */,
				58F7DCA921DDEADA00189630 /* Sources */,
				58F7DCAA21DDEADA00189630 /* Frameworks */,
				58F7DCAB21DDEADA00189630 /* Resources */,
			);
			buildRules = (
			);
			dependencies = (
			);
			name = AngelFishDevil;
			productName = AngelFishDevil;
			productReference = 58F7DCAD21DDEADA00189630 /* AngelFishDevil.app */;
			productType = "com.apple.product-type.application";
		};
/* End PBXNativeTarget section */

/* Begin PBXProject section */
		58F7DCA521DDEADA00189630 /* Project object */ = {
			isa = PBXProject;
			attributes = {
				LastUpgradeCheck = 1010;
				ORGANIZATIONNAME = TimLiu;
				TargetAttributes = {
					58F7DCAC21DDEADA00189630 = {
						CreatedOnToolsVersion = 10.1;
					};
				};
			};
			buildConfigurationList = 58F7DCA821DDEADA00189630 /* Build configuration list for PBXProject "AngelFishDevil" */;
			compatibilityVersion = "Xcode 9.3";
			developmentRegion = en;
			hasScannedForEncodings = 0;
			knownRegions = (
				en,
				Base,
			);
			mainGroup = 58F7DCA421DDEADA00189630;
			productRefGroup = 58F7DCAE21DDEADA00189630 /* Products */;
			projectDirPath = "";
			projectRoot = "";
			targets = (
				58F7DCAC21DDEADA00189630 /* AngelFishDevil */,
			);
		};
/* End PBXProject section */

/* Begin PBXResourcesBuildPhase section */
		58F7DCAB21DDEADA00189630 /* Resources */ = {
			isa = PBXResourcesBuildPhase;
			buildActionMask = 2147483647;
			files = (
				58F7DCBD21DDEAF400189630 /* LaunchScreen.storyboard in Resources */,
				58F7DCBA21DDEAF400189630 /* Assets.xcassets in Resources */,
			);
			runOnlyForDeploymentPostprocessing = 0;
		};
/* End PBXResourcesBuildPhase section */

/* Begin PBXShellScriptBuildPhase section */
		6F31DE96787B4C7BBE736F88 /* [CP] Check Pods Manifest.lock */ = {
			isa = PBXShellScriptBuildPhase;
			buildActionMask = 2147483647;
			files = (
			);
			inputPaths = (
				"${PODS_PODFILE_DIR_PATH}/Podfile.lock",
				"${PODS_ROOT}/Manifest.lock",
			);
			name = "[CP] Check Pods Manifest.lock";
			outputPaths = (
				"$(DERIVED_FILE_DIR)/Pods-AngelFishDevil-checkManifestLockResult.txt",
			);
			runOnlyForDeploymentPostprocessing = 0;
			shellPath = /bin/sh;
			shellScript = "diff \"${PODS_PODFILE_DIR_PATH}/Podfile.lock\" \"${PODS_ROOT}/Manifest.lock\" > /dev/null\nif [ $? != 0 ] ; then\n    # print error to STDERR\n    echo \"error: The sandbox is not in sync with the Podfile.lock. Run 'pod install' or update your CocoaPods installation.\" >&2\n    exit 1\nfi\n# This output is used by Xcode 'outputs' to avoid re-running this script phase.\necho \"SUCCESS\" > \"${SCRIPT_OUTPUT_FILE_0}\"\n";
			showEnvVarsInLog = 0;
		};
/* End PBXShellScriptBuildPhase section */

/* Begin PBXSourcesBuildPhase section */
		58F7DCA921DDEADA00189630 /* Sources */ = {
			isa = PBXSourcesBuildPhase;
			buildActionMask = 2147483647;
			files = (
				58F7DCDE21DE0AEA00189630 /* SZNAngelViewController.m in Sources */,
				58F7DCC021DDEAF400189630 /* main.m in Sources */,
				58F7DCE421DE0B3C00189630 /* SZNDevilViewController.m in Sources */,
				58F7DCCC21DDFF8300189630 /* SZNMainTabBarContoller.m in Sources */,
				58F7DCCF21DE041600189630 /* SZNGuideNavigationController.m in Sources */,
				58F7DCE721DE0C4500189630 /* SZNBaseNavViewController.m in Sources */,
				58F7DCD221DE044800189630 /* SZNGuideViewController.m in Sources */,
				58F7DCDB21DE0ABD00189630 /* SZNBaseTabItemViewController.m in Sources */,
				58F7DCE121DE0B1800189630 /* SZNFishViewController.m in Sources */,
				58F7DCB221DDEADA00189630 /* AppDelegate.m in Sources */,
			);
			runOnlyForDeploymentPostprocessing = 0;
		};
/* End PBXSourcesBuildPhase section */

/* Begin PBXVariantGroup section */
		58F7DCBB21DDEAF400189630 /* LaunchScreen.storyboard */ = {
			isa = PBXVariantGroup;
			children = (
				58F7DCBC21DDEAF400189630 /* Base */,
			);
			name = LaunchScreen.storyboard;
			sourceTree = "<group>";
		};
/* End PBXVariantGroup section */

/* Begin XCBuildConfiguration section */
		58F7DCC121DDEAF400189630 /* Debug */ = {
			isa = XCBuildConfiguration;
			buildSettings = {
				ALWAYS_SEARCH_USER_PATHS = NO;
				CLANG_ANALYZER_NONNULL = YES;
				CLANG_ANALYZER_NUMBER_OBJECT_CONVERSION = YES_AGGRESSIVE;
				CLANG_CXX_LANGUAGE_STANDARD = "gnu++14";
				CLANG_CXX_LIBRARY = "libc++";
				CLANG_ENABLE_MODULES = YES;
				CLANG_ENABLE_OBJC_ARC = YES;
				CLANG_ENABLE_OBJC_WEAK = YES;
				CLANG_WARN_BLOCK_CAPTURE_AUTORELEASING = YES;
				CLANG_WARN_BOOL_CONVERSION = YES;
				CLANG_WARN_COMMA = YES;
				CLANG_WARN_CONSTANT_CONVERSION = YES;
				CLANG_WARN_DEPRECATED_OBJC_IMPLEMENTATIONS = YES;
				CLANG_WARN_DIRECT_OBJC_ISA_USAGE = YES_ERROR;
				CLANG_WARN_DOCUMENTATION_COMMENTS = YES;
				CLANG_WARN_EMPTY_BODY = YES;
				CLANG_WARN_ENUM_CONVERSION = YES;
				CLANG_WARN_INFINITE_RECURSION = YES;
				CLANG_WARN_INT_CONVERSION = YES;
				CLANG_WARN_NON_LITERAL_NULL_CONVERSION = YES;
				CLANG_WARN_OBJC_IMPLICIT_RETAIN_SELF = YES;
				CLANG_WARN_OBJC_LITERAL_CONVERSION = YES;
				CLANG_WARN_OBJC_ROOT_CLASS = YES_ERROR;
				CLANG_WARN_RANGE_LOOP_ANALYSIS = YES;
				CLANG_WARN_STRICT_PROTOTYPES = YES;
				CLANG_WARN_SUSPICIOUS_MOVE = YES;
				CLANG_WARN_UNGUARDED_AVAILABILITY = YES_AGGRESSIVE;
				CLANG_WARN_UNREACHABLE_CODE = YES;
				CLANG_WARN__DUPLICATE_METHOD_MATCH = YES;
				CODE_SIGN_IDENTITY = "iPhone Developer";
				COPY_PHASE_STRIP = NO;
				DEBUG_INFORMATION_FORMAT = dwarf;
				ENABLE_STRICT_OBJC_MSGSEND = YES;
				ENABLE_TESTABILITY = YES;
				GCC_C_LANGUAGE_STANDARD = gnu11;
				GCC_DYNAMIC_NO_PIC = NO;
				GCC_NO_COMMON_BLOCKS = YES;
				GCC_OPTIMIZATION_LEVEL = 0;
				GCC_PREPROCESSOR_DEFINITIONS = (
					"DEBUG=1",
					"$(inherited)",
				);
				GCC_WARN_64_TO_32_BIT_CONVERSION = YES;
				GCC_WARN_ABOUT_RETURN_TYPE = YES_ERROR;
				GCC_WARN_UNDECLARED_SELECTOR = YES;
				GCC_WARN_UNINITIALIZED_AUTOS = YES_AGGRESSIVE;
				GCC_WARN_UNUSED_FUNCTION = YES;
				GCC_WARN_UNUSED_VARIABLE = YES;
				IPHONEOS_DEPLOYMENT_TARGET = 12.1;
				MTL_ENABLE_DEBUG_INFO = INCLUDE_SOURCE;
				MTL_FAST_MATH = YES;
				ONLY_ACTIVE_ARCH = YES;
				SDKROOT = iphoneos;
			};
			name = Debug;
		};
		58F7DCC221DDEAF400189630 /* Release */ = {
			isa = XCBuildConfiguration;
			buildSettings = {
				ALWAYS_SEARCH_USER_PATHS = NO;
				CLANG_ANALYZER_NONNULL = YES;
				CLANG_ANALYZER_NUMBER_OBJECT_CONVERSION = YES_AGGRESSIVE;
				CLANG_CXX_LANGUAGE_STANDARD = "gnu++14";
				CLANG_CXX_LIBRARY = "libc++";
				CLANG_ENABLE_MODULES = YES;
				CLANG_ENABLE_OBJC_ARC = YES;
				CLANG_ENABLE_OBJC_WEAK = YES;
				CLANG_WARN_BLOCK_CAPTURE_AUTORELEASING = YES;
				CLANG_WARN_BOOL_CONVERSION = YES;
				CLANG_WARN_COMMA = YES;
				CLANG_WARN_CONSTANT_CONVERSION = YES;
				CLANG_WARN_DEPRECATED_OBJC_IMPLEMENTATIONS = YES;
				CLANG_WARN_DIRECT_OBJC_ISA_USAGE = YES_ERROR;
				CLANG_WARN_DOCUMENTATION_COMMENTS = YES;
				CLANG_WARN_EMPTY_BODY = YES;
				CLANG_WARN_ENUM_CONVERSION = YES;
				CLANG_WARN_INFINITE_RECURSION = YES;
				CLANG_WARN_INT_CONVERSION = YES;
				CLANG_WARN_NON_LITERAL_NULL_CONVERSION = YES;
				CLANG_WARN_OBJC_IMPLICIT_RETAIN_SELF = YES;
				CLANG_WARN_OBJC_LITERAL_CONVERSION = YES;
				CLANG_WARN_OBJC_ROOT_CLASS = YES_ERROR;
				CLANG_WARN_RANGE_LOOP_ANALYSIS = YES;
				CLANG_WARN_STRICT_PROTOTYPES = YES;
				CLANG_WARN_SUSPICIOUS_MOVE = YES;
				CLANG_WARN_UNGUARDED_AVAILABILITY = YES_AGGRESSIVE;
				CLANG_WARN_UNREACHABLE_CODE = YES;
				CLANG_WARN__DUPLICATE_METHOD_MATCH = YES;
				CODE_SIGN_IDENTITY = "iPhone Developer";
				COPY_PHASE_STRIP = NO;
				DEBUG_INFORMATION_FORMAT = "dwarf-with-dsym";
				ENABLE_NS_ASSERTIONS = NO;
				ENABLE_STRICT_OBJC_MSGSEND = YES;
				GCC_C_LANGUAGE_STANDARD = gnu11;
				GCC_NO_COMMON_BLOCKS = YES;
				GCC_WARN_64_TO_32_BIT_CONVERSION = YES;
				GCC_WARN_ABOUT_RETURN_TYPE = YES_ERROR;
				GCC_WARN_UNDECLARED_SELECTOR = YES;
				GCC_WARN_UNINITIALIZED_AUTOS = YES_AGGRESSIVE;
				GCC_WARN_UNUSED_FUNCTION = YES;
				GCC_WARN_UNUSED_VARIABLE = YES;
				IPHONEOS_DEPLOYMENT_TARGET = 12.1;
				MTL_ENABLE_DEBUG_INFO = NO;
				MTL_FAST_MATH = YES;
				SDKROOT = iphoneos;
				VALIDATE_PRODUCT = YES;
			};
			name = Release;
		};
		58F7DCC421DDEAF400189630 /* Debug */ = {
			isa = XCBuildConfiguration;
			baseConfigurationReference = C1F2FCA4E0D6DF357CE60320 /* Pods-AngelFishDevil.debug.xcconfig */;
			buildSettings = {
				ASSETCATALOG_COMPILER_APPICON_NAME = AppIcon;
				CODE_SIGN_STYLE = Automatic;
				DEVELOPMENT_TEAM = 8S6779Q7U9;
				GCC_PRECOMPILE_PREFIX_HEADER = YES;
				GCC_PREFIX_HEADER = "$(SRCROOT)/AngelFishDevil/PrefixHeader.pch";
				INFOPLIST_FILE = AngelFishDevil/Info.plist;
				LD_RUNPATH_SEARCH_PATHS = (
					"$(inherited)",
					"@executable_path/Frameworks",
				);
				PRODUCT_BUNDLE_IDENTIFIER = com.szn.AngelFishDevil;
				PRODUCT_NAME = "$(TARGET_NAME)";
				TARGETED_DEVICE_FAMILY = "1,2";
				USER_HEADER_SEARCH_PATHS = "${PODS_ROOT}";
			};
			name = Debug;
		};
		58F7DCC521DDEAF400189630 /* Release */ = {
			isa = XCBuildConfiguration;
			baseConfigurationReference = 3B99CEDA0F18C66115569871 /* Pods-AngelFishDevil.release.xcconfig */;
			buildSettings = {
				ASSETCATALOG_COMPILER_APPICON_NAME = AppIcon;
				CODE_SIGN_STYLE = Automatic;
				DEVELOPMENT_TEAM = 8S6779Q7U9;
				GCC_PRECOMPILE_PREFIX_HEADER = YES;
				GCC_PREFIX_HEADER = "$(SRCROOT)/AngelFishDevil/PrefixHeader.pch";
				INFOPLIST_FILE = AngelFishDevil/Info.plist;
				LD_RUNPATH_SEARCH_PATHS = (
					"$(inherited)",
					"@executable_path/Frameworks",
				);
				PRODUCT_BUNDLE_IDENTIFIER = com.szn.AngelFishDevil;
				PRODUCT_NAME = "$(TARGET_NAME)";
				TARGETED_DEVICE_FAMILY = "1,2";
				USER_HEADER_SEARCH_PATHS = "${PODS_ROOT}";
			};
			name = Release;
		};
/* End XCBuildConfiguration section */

/* Begin XCConfigurationList section */
		58F7DCA821DDEADA00189630 /* Build configuration list for PBXProject "AngelFishDevil" */ = {
			isa = XCConfigurationList;
			buildConfigurations = (
				58F7DCC121DDEAF400189630 /* Debug */,
				58F7DCC221DDEAF400189630 /* Release */,
			);
			defaultConfigurationIsVisible = 0;
			defaultConfigurationName = Release;
		};
		58F7DCC321DDEAF400189630 /* Build configuration list for PBXNativeTarget "AngelFishDevil" */ = {
			isa = XCConfigurationList;
			buildConfigurations = (
				58F7DCC421DDEAF400189630 /* Debug */,
				58F7DCC521DDEAF400189630 /* Release */,
			);
			defaultConfigurationIsVisible = 0;
			defaultConfigurationName = Release;
		};
/* End XCConfigurationList section */
	};
	rootObject = 58F7DCA521DDEADA00189630 /* Project object */;
}
